
Microsoft Visual Studio Solution File, Format Version 12.00
# Visual Studio Version 17
VisualStudioVersion = 17.0.31919.166
MinimumVisualStudioVersion = 10.0.40219.1
Project("{9A19103F-16F7-4668-BE54-9A1E7A4F7556}") = "DAT602-final", "DAT602-final.csproj", "{2268789D-AEFE-49A5-8A2C-F6498EC9BA74}"
EndProject
Global
	GlobalSection(SolutionConfigurationPlatforms) = preSolution
		Debug|Any CPU = Debug|Any CPU
		Release|Any CPU = Release|Any CPU
	EndGlobalSection
	GlobalSection(ProjectConfigurationPlatforms) = postSolution
		{2268789D-AEFE-49A5-8A2C-F6498EC9BA74}.Debug|Any CPU.ActiveCfg = Debug|Any CPU
		{2268789D-AEFE-49A5-8A2C-F6498EC9BA74}.Debug|Any CPU.Build.0 = Debug|Any CPU
		{2268789D-AEFE-49A5-8A2C-F6498EC9BA74}.Release|Any CPU.ActiveCfg = Release|Any CPU
		{2268789D-AEFE-49A5-8A2C-F6498EC9BA74}.Release|Any CPU.Build.0 = Release|Any CPU
	EndGlobalSection
	GlobalSection(SolutionProperties) = preSolution
		HideSolutionNode = FALSE
	EndGlobalSection
	GlobalSection(ExtensibilityGlobals) = postSolution
		SolutionGuid = {B2D7D335-7E2C-44FE-9077-21291BBF2B45}
	EndGlobalSection
EndGlobal
